
Microsoft Visual Studio Solution File, Format Version 12.00
# Visual Studio Version 17
VisualStudioVersion = 17.13.35818.85 d17.13
MinimumVisualStudioVersion = 10.0.40219.1
Project("{FAE04EC0-301F-11D3-BF4B-00C04F79EFBC}") = "Auth_jwt", "Auth_jwt\Auth_jwt.csproj", "{5F671944-64F0-4F75-83E8-C1E90CD67E2A}"
EndProject
Global
	GlobalSection(SolutionConfigurationPlatforms) = preSolution
		Debug|Any CPU = Debug|Any CPU
		Release|Any CPU = Release|Any CPU
	EndGlobalSection
	GlobalSection(ProjectConfigurationPlatforms) = postSolution
		{5F671944-64F0-4F75-83E8-C1E90CD67E2A}.Debug|Any CPU.ActiveCfg = Debug|Any CPU
		{5F671944-64F0-4F75-83E8-C1E90CD67E2A}.Debug|Any CPU.Build.0 = Debug|Any CPU
		{5F671944-64F0-4F75-83E8-C1E90CD67E2A}.Release|Any CPU.ActiveCfg = Release|Any CPU
		{5F671944-64F0-4F75-83E8-C1E90CD67E2A}.Release|Any CPU.Build.0 = Release|Any CPU
	EndGlobalSection
	GlobalSection(SolutionProperties) = preSolution
		HideSolutionNode = FALSE
	EndGlobalSection
	GlobalSection(ExtensibilityGlobals) = postSolution
		SolutionGuid = {1DC6D244-3CA1-40C3-B83C-4F292DAF37ED}
	EndGlobalSection
EndGlobal
